
Microsoft Visual Studio Solution File, Format Version 12.00
# Visual Studio 15
VisualStudioVersion = 15.0.27130.2027
MinimumVisualStudioVersion = 10.0.40219.1
Project("{FAE04EC0-301F-11D3-BF4B-00C04F79EFBC}") = "HostLauncher", "HostLauncher\HostLauncher.csproj", "{6CCEDA81-C795-4EA8-8050-23CF4B4AF75C}"
EndProject
Project("{FAE04EC0-301F-11D3-BF4B-00C04F79EFBC}") = "LibraryWCF", "LibraryWCF\LibraryWCF.csproj", "{902FE062-2AFA-4F8D-93E4-D262C8166B04}"
EndProject
Project("{FAE04EC0-301F-11D3-BF4B-00C04F79EFBC}") = "EventClient", "EventClient\EventClient.csproj", "{42D10B97-B9A9-413B-BFC4-53D611884141}"
EndProject
Global
	GlobalSection(SolutionConfigurationPlatforms) = preSolution
		Debug|Any CPU = Debug|Any CPU
		Release|Any CPU = Release|Any CPU
	EndGlobalSection
	GlobalSection(ProjectConfigurationPlatforms) = postSolution
		{6CCEDA81-C795-4EA8-8050-23CF4B4AF75C}.Debug|Any CPU.ActiveCfg = Debug|Any CPU
		{6CCEDA81-C795-4EA8-8050-23CF4B4AF75C}.Debug|Any CPU.Build.0 = Debug|Any CPU
		{6CCEDA81-C795-4EA8-8050-23CF4B4AF75C}.Release|Any CPU.ActiveCfg = Release|Any CPU
		{6CCEDA81-C795-4EA8-8050-23CF4B4AF75C}.Release|Any CPU.Build.0 = Release|Any CPU
		{902FE062-2AFA-4F8D-93E4-D262C8166B04}.Debug|Any CPU.ActiveCfg = Debug|Any CPU
		{902FE062-2AFA-4F8D-93E4-D262C8166B04}.Debug|Any CPU.Build.0 = Debug|Any CPU
		{902FE062-2AFA-4F8D-93E4-D262C8166B04}.Release|Any CPU.ActiveCfg = Release|Any CPU
		{902FE062-2AFA-4F8D-93E4-D262C8166B04}.Release|Any CPU.Build.0 = Release|Any CPU
		{42D10B97-B9A9-413B-BFC4-53D611884141}.Debug|Any CPU.ActiveCfg = Debug|Any CPU
		{42D10B97-B9A9-413B-BFC4-53D611884141}.Debug|Any CPU.Build.0 = Debug|Any CPU
		{42D10B97-B9A9-413B-BFC4-53D611884141}.Release|Any CPU.ActiveCfg = Release|Any CPU
		{42D10B97-B9A9-413B-BFC4-53D611884141}.Release|Any CPU.Build.0 = Release|Any CPU
	EndGlobalSection
	GlobalSection(SolutionProperties) = preSolution
		HideSolutionNode = FALSE
	EndGlobalSection
	GlobalSection(ExtensibilityGlobals) = postSolution
		SolutionGuid = {FA36004C-C577-4331-9D00-4EABF6B03BE7}
	EndGlobalSection
EndGlobal
