
Microsoft Visual Studio Solution File, Format Version 12.00
# Visual Studio 15
VisualStudioVersion = 15.0.27130.2027
MinimumVisualStudioVersion = 10.0.40219.1
Project("{FAE04EC0-301F-11D3-BF4B-00C04F79EFBC}") = "velibService", "velibService\velibService.csproj", "{60A2E3D7-C747-437A-9E69-96884116246F}"
EndProject
Project("{FAE04EC0-301F-11D3-BF4B-00C04F79EFBC}") = "client", "client\client.csproj", "{34667AB8-0504-4C8C-8ADB-4ECADF8ED61F}"
EndProject
Global
	GlobalSection(SolutionConfigurationPlatforms) = preSolution
		Debug|Any CPU = Debug|Any CPU
		Release|Any CPU = Release|Any CPU
	EndGlobalSection
	GlobalSection(ProjectConfigurationPlatforms) = postSolution
		{60A2E3D7-C747-437A-9E69-96884116246F}.Debug|Any CPU.ActiveCfg = Debug|Any CPU
		{60A2E3D7-C747-437A-9E69-96884116246F}.Debug|Any CPU.Build.0 = Debug|Any CPU
		{60A2E3D7-C747-437A-9E69-96884116246F}.Release|Any CPU.ActiveCfg = Release|Any CPU
		{60A2E3D7-C747-437A-9E69-96884116246F}.Release|Any CPU.Build.0 = Release|Any CPU
		{34667AB8-0504-4C8C-8ADB-4ECADF8ED61F}.Debug|Any CPU.ActiveCfg = Debug|Any CPU
		{34667AB8-0504-4C8C-8ADB-4ECADF8ED61F}.Debug|Any CPU.Build.0 = Debug|Any CPU
		{34667AB8-0504-4C8C-8ADB-4ECADF8ED61F}.Release|Any CPU.ActiveCfg = Release|Any CPU
		{34667AB8-0504-4C8C-8ADB-4ECADF8ED61F}.Release|Any CPU.Build.0 = Release|Any CPU
	EndGlobalSection
	GlobalSection(SolutionProperties) = preSolution
		HideSolutionNode = FALSE
	EndGlobalSection
	GlobalSection(ExtensibilityGlobals) = postSolution
		SolutionGuid = {66E8DBDC-BA32-4111-AE15-854355F47D08}
	EndGlobalSection
EndGlobal
